<?xml version="1.0" encoding="utf-8"?>
<Project ToolsVersion="4.0" xmlns="http://schemas.microsoft.com/developer/msbuild/2003">
  <ItemGroup>
    <ClCompile Include="E:\DONOTOPEN\FUCKYOU\FreeImage\Source\LibOpenJPEG\bio.c">
      <Filter>Source Files</Filter>
    </ClCompile>
    <ClCompile Include="E:\DONOTOPEN\FUCKYOU\FreeImage\Source\LibOpenJPEG\cio.c">
      <Filter>Source Files</Filter>
    </ClCompile>
    <ClCompile Include="E:\DONOTOPEN\FUCKYOU\FreeImage\Source\LibOpenJPEG\dwt.c">
      <Filter>Source Files</Filter>
    </ClCompile>
    <ClCompile Include="E:\DONOTOPEN\FUCKYOU\FreeImage\Source\LibOpenJPEG\event.c">
      <Filter>Source Files</Filter>
    </ClCompile>
    <ClCompile Include="E:\DONOTOPEN\FUCKYOU\FreeImage\Source\LibOpenJPEG\image.c">
      <Filter>Source Files</Filter>
    </ClCompile>
    <ClCompile Include="E:\DONOTOPEN\FUCKYOU\FreeImage\Source\LibOpenJPEG\j2k.c">
      <Filter>Source Files</Filter>
    </ClCompile>
    <ClCompile Include="E:\DONOTOPEN\FUCKYOU\FreeImage\Source\LibOpenJPEG\j2k_lib.c">
      <Filter>Source Files</Filter>
    </ClCompile>
    <ClCompile Include="E:\DONOTOPEN\FUCKYOU\FreeImage\Source\LibOpenJPEG\jp2.c">
      <Filter>Source Files</Filter>
    </ClCompile>
    <ClCompile Include="E:\DONOTOPEN\FUCKYOU\FreeImage\Source\LibOpenJPEG\jpt.c">
      <Filter>Source Files</Filter>
    </ClCompile>
    <ClCompile Include="E:\DONOTOPEN\FUCKYOU\FreeImage\Source\LibOpenJPEG\mct.c">
      <Filter>Source Files</Filter>
    </ClCompile>
    <ClCompile Include="E:\DONOTOPEN\FUCKYOU\FreeImage\Source\LibOpenJPEG\mqc.c">
      <Filter>Source Files</Filter>
    </ClCompile>
    <ClCompile Include="E:\DONOTOPEN\FUCKYOU\FreeImage\Source\LibOpenJPEG\openjpeg.c">
      <Filter>Source Files</Filter>
    </ClCompile>
    <ClCompile Include="E:\DONOTOPEN\FUCKYOU\FreeImage\Source\LibOpenJPEG\pi.c">
      <Filter>Source Files</Filter>
    </ClCompile>
    <ClCompile Include="E:\DONOTOPEN\FUCKYOU\FreeImage\Source\LibOpenJPEG\raw.c">
      <Filter>Source Files</Filter>
    </ClCompile>
    <ClCompile Include="E:\DONOTOPEN\FUCKYOU\FreeImage\Source\LibOpenJPEG\t1.c">
      <Filter>Source Files</Filter>
    </ClCompile>
    <ClCompile Include="E:\DONOTOPEN\FUCKYOU\FreeImage\Source\LibOpenJPEG\t1_generate_luts.c">
      <Filter>Source Files</Filter>
    </ClCompile>
    <ClCompile Include="E:\DONOTOPEN\FUCKYOU\FreeImage\Source\LibOpenJPEG\t2.c">
      <Filter>Source Files</Filter>
    </ClCompile>
    <ClCompile Include="E:\DONOTOPEN\FUCKYOU\FreeImage\Source\LibOpenJPEG\tcd.c">
      <Filter>Source Files</Filter>
    </ClCompile>
    <ClCompile Include="E:\DONOTOPEN\FUCKYOU\FreeImage\Source\LibOpenJPEG\tgt.c">
      <Filter>Source Files</Filter>
    </ClCompile>
  </ItemGroup>
  <ItemGroup>
    <ClInclude Include="E:\DONOTOPEN\FUCKYOU\FreeImage\Source\LibOpenJPEG\bio.h">
      <Filter>Header Files</Filter>
    </ClInclude>
    <ClInclude Include="E:\DONOTOPEN\FUCKYOU\FreeImage\Source\LibOpenJPEG\cio.h">
      <Filter>Header Files</Filter>
    </ClInclude>
    <ClInclude Include="E:\DONOTOPEN\FUCKYOU\FreeImage\Source\LibOpenJPEG\dwt.h">
      <Filter>Header Files</Filter>
    </ClInclude>
    <ClInclude Include="E:\DONOTOPEN\FUCKYOU\FreeImage\Source\LibOpenJPEG\event.h">
      <Filter>Header Files</Filter>
    </ClInclude>
    <ClInclude Include="E:\DONOTOPEN\FUCKYOU\FreeImage\Source\LibOpenJPEG\fix.h">
      <Filter>Header Files</Filter>
    </ClInclude>
    <ClInclude Include="E:\DONOTOPEN\FUCKYOU\FreeImage\Source\LibOpenJPEG\image.h">
      <Filter>Header Files</Filter>
    </ClInclude>
    <ClInclude Include="E:\DONOTOPEN\FUCKYOU\FreeImage\Source\LibOpenJPEG\int.h">
      <Filter>Header Files</Filter>
    </ClInclude>
    <ClInclude Include="E:\DONOTOPEN\FUCKYOU\FreeImage\Source\LibOpenJPEG\j2k.h">
      <Filter>Header Files</Filter>
    </ClInclude>
    <ClInclude Include="E:\DONOTOPEN\FUCKYOU\FreeImage\Source\LibOpenJPEG\j2k_lib.h">
      <Filter>Header Files</Filter>
    </ClInclude>
    <ClInclude Include="E:\DONOTOPEN\FUCKYOU\FreeImage\Source\LibOpenJPEG\jp2.h">
      <Filter>Header Files</Filter>
    </ClInclude>
    <ClInclude Include="E:\DONOTOPEN\FUCKYOU\FreeImage\Source\LibOpenJPEG\jpt.h">
      <Filter>Header Files</Filter>
    </ClInclude>
    <ClInclude Include="E:\DONOTOPEN\FUCKYOU\FreeImage\Source\LibOpenJPEG\mct.h">
      <Filter>Header Files</Filter>
    </ClInclude>
    <ClInclude Include="E:\DONOTOPEN\FUCKYOU\FreeImage\Source\LibOpenJPEG\mqc.h">
      <Filter>Header Files</Filter>
    </ClInclude>
    <ClInclude Include="E:\DONOTOPEN\FUCKYOU\FreeImage\Source\LibOpenJPEG\openjpeg.h">
      <Filter>Header Files</Filter>
    </ClInclude>
    <ClInclude Include="E:\DONOTOPEN\FUCKYOU\FreeImage\Source\LibOpenJPEG\opj_includes.h">
      <Filter>Header Files</Filter>
    </ClInclude>
    <ClInclude Include="E:\DONOTOPEN\FUCKYOU\FreeImage\Source\LibOpenJPEG\pi.h">
      <Filter>Header Files</Filter>
    </ClInclude>
    <ClInclude Include="E:\DONOTOPEN\FUCKYOU\FreeImage\Source\LibOpenJPEG\raw.h">
      <Filter>Header Files</Filter>
    </ClInclude>
    <ClInclude Include="E:\DONOTOPEN\FUCKYOU\FreeImage\Source\LibOpenJPEG\t1.h">
      <Filter>Header Files</Filter>
    </ClInclude>
    <ClInclude Include="E:\DONOTOPEN\FUCKYOU\FreeImage\Source\LibOpenJPEG\t1_luts.h">
      <Filter>Header Files</Filter>
    </ClInclude>
    <ClInclude Include="E:\DONOTOPEN\FUCKYOU\FreeImage\Source\LibOpenJPEG\t2.h">
      <Filter>Header Files</Filter>
    </ClInclude>
    <ClInclude Include="E:\DONOTOPEN\FUCKYOU\FreeImage\Source\LibOpenJPEG\tcd.h">
      <Filter>Header Files</Filter>
    </ClInclude>
    <ClInclude Include="E:\DONOTOPEN\FUCKYOU\FreeImage\Source\LibOpenJPEG\tgt.h">
      <Filter>Header Files</Filter>
    </ClInclude>
  </ItemGroup>
  <ItemGroup>
  </ItemGroup>
  <ItemGroup>
  </ItemGroup>
  <ItemGroup>
    <CustomBuild Include="..\..\..\..\FreeImage\Source\LibOpenJPEG\CMakeLists.txt" />
  </ItemGroup>
  <ItemGroup>
    <Filter Include="Source Files">
      <UniqueIdentifier>{661B98B1-EBB7-4FE5-8C3E-B1959B39242C}</UniqueIdentifier>
    </Filter>
    <Filter Include="Header Files">
      <UniqueIdentifier>{F91BE4A8-95A1-44B1-8816-A532B6D02284}</UniqueIdentifier>
    </Filter>
  </ItemGroup>
  <ItemGroup>
  </ItemGroup>
</Project>
