Microsoft Visual Studio Solution File, Format Version 11.00
# Visual Studio 2010
Project("{8BC9CEB8-8B4A-11D0-8D11-00A0C91BC942}") = "ALL_BUILD", "ALL_BUILD.vcxproj", "{7CA187B9-976C-4A6A-8760-56F5D0891CFF}"
	ProjectSection(ProjectDependencies) = postProject
		{7B6E9D07-4218-4A1C-9B69-336F5954E86D} = {7B6E9D07-4218-4A1C-9B69-336F5954E86D}
		{2BF05FEB-B696-4F74-B7AD-BF833B62697C} = {2BF05FEB-B696-4F74-B7AD-BF833B62697C}
		{635304A8-13E1-4289-B711-35BC5374F85A} = {635304A8-13E1-4289-B711-35BC5374F85A}
		{AE43C27F-D166-4CE7-B6B4-785FA4CC62A5} = {AE43C27F-D166-4CE7-B6B4-785FA4CC62A5}
		{87147895-5014-4DFB-8805-2E22CAAA5C81} = {87147895-5014-4DFB-8805-2E22CAAA5C81}
		{0CD0555F-9863-4B58-8B3E-36A3E3C47C47} = {0CD0555F-9863-4B58-8B3E-36A3E3C47C47}
		{8FFA074C-525F-48BF-B17C-F450FFE94FB6} = {8FFA074C-525F-48BF-B17C-F450FFE94FB6}
		{DAB5955D-0823-41E9-BA9E-94F6CC57399F} = {DAB5955D-0823-41E9-BA9E-94F6CC57399F}
		{1DA2F9BE-AAFF-43E5-9B98-316800CA6E50} = {1DA2F9BE-AAFF-43E5-9B98-316800CA6E50}
		{F79012F6-8050-48E5-92E4-87959C39FCCB} = {F79012F6-8050-48E5-92E4-87959C39FCCB}
		{63F5EE26-A5CD-4229-952D-824864D5442E} = {63F5EE26-A5CD-4229-952D-824864D5442E}
		{8A00389C-A6CD-470E-AC57-7049BED6E6AB} = {8A00389C-A6CD-470E-AC57-7049BED6E6AB}
		{EEDFF904-F4E0-4B09-82C2-4DAF4C8E255C} = {EEDFF904-F4E0-4B09-82C2-4DAF4C8E255C}
		{13510BFE-B940-4F61-B1C2-084A09E65C24} = {13510BFE-B940-4F61-B1C2-084A09E65C24}
		{38DC6B26-C5B2-4BA5-8516-5F3C21E823E5} = {38DC6B26-C5B2-4BA5-8516-5F3C21E823E5}
	EndProjectSection
EndProject
Project("{8BC9CEB8-8B4A-11D0-8D11-00A0C91BC942}") = "Demo", "CATFISH\Demo\Demo.vcxproj", "{7B6E9D07-4218-4A1C-9B69-336F5954E86D}"
	ProjectSection(ProjectDependencies) = postProject
		{635304A8-13E1-4289-B711-35BC5374F85A} = {635304A8-13E1-4289-B711-35BC5374F85A}
		{AE43C27F-D166-4CE7-B6B4-785FA4CC62A5} = {AE43C27F-D166-4CE7-B6B4-785FA4CC62A5}
		{8A00389C-A6CD-470E-AC57-7049BED6E6AB} = {8A00389C-A6CD-470E-AC57-7049BED6E6AB}
		{EEDFF904-F4E0-4B09-82C2-4DAF4C8E255C} = {EEDFF904-F4E0-4B09-82C2-4DAF4C8E255C}
		{13510BFE-B940-4F61-B1C2-084A09E65C24} = {13510BFE-B940-4F61-B1C2-084A09E65C24}
	EndProjectSection
EndProject
Project("{8BC9CEB8-8B4A-11D0-8D11-00A0C91BC942}") = "FreeImaged", "FreeImage\FreeImaged.vcxproj", "{2BF05FEB-B696-4F74-B7AD-BF833B62697C}"
	ProjectSection(ProjectDependencies) = postProject
		{87147895-5014-4DFB-8805-2E22CAAA5C81} = {87147895-5014-4DFB-8805-2E22CAAA5C81}
		{0CD0555F-9863-4B58-8B3E-36A3E3C47C47} = {0CD0555F-9863-4B58-8B3E-36A3E3C47C47}
		{8FFA074C-525F-48BF-B17C-F450FFE94FB6} = {8FFA074C-525F-48BF-B17C-F450FFE94FB6}
		{DAB5955D-0823-41E9-BA9E-94F6CC57399F} = {DAB5955D-0823-41E9-BA9E-94F6CC57399F}
		{1DA2F9BE-AAFF-43E5-9B98-316800CA6E50} = {1DA2F9BE-AAFF-43E5-9B98-316800CA6E50}
		{63F5EE26-A5CD-4229-952D-824864D5442E} = {63F5EE26-A5CD-4229-952D-824864D5442E}
		{13510BFE-B940-4F61-B1C2-084A09E65C24} = {13510BFE-B940-4F61-B1C2-084A09E65C24}
		{38DC6B26-C5B2-4BA5-8516-5F3C21E823E5} = {38DC6B26-C5B2-4BA5-8516-5F3C21E823E5}
	EndProjectSection
EndProject
Project("{8BC9CEB8-8B4A-11D0-8D11-00A0C91BC942}") = "GlesSystem", "CATFISH\GlesSyetem\GlesSystem.vcxproj", "{635304A8-13E1-4289-B711-35BC5374F85A}"
	ProjectSection(ProjectDependencies) = postProject
		{13510BFE-B940-4F61-B1C2-084A09E65C24} = {13510BFE-B940-4F61-B1C2-084A09E65C24}
	EndProjectSection
EndProject
Project("{8BC9CEB8-8B4A-11D0-8D11-00A0C91BC942}") = "IO", "CATFISH\IO\IO.vcxproj", "{AE43C27F-D166-4CE7-B6B4-785FA4CC62A5}"
	ProjectSection(ProjectDependencies) = postProject
		{13510BFE-B940-4F61-B1C2-084A09E65C24} = {13510BFE-B940-4F61-B1C2-084A09E65C24}
	EndProjectSection
EndProject
Project("{8BC9CEB8-8B4A-11D0-8D11-00A0C91BC942}") = "LibJPEG", "FreeImage\Source\LibJPEG\LibJPEG.vcxproj", "{87147895-5014-4DFB-8805-2E22CAAA5C81}"
	ProjectSection(ProjectDependencies) = postProject
		{13510BFE-B940-4F61-B1C2-084A09E65C24} = {13510BFE-B940-4F61-B1C2-084A09E65C24}
	EndProjectSection
EndProject
Project("{8BC9CEB8-8B4A-11D0-8D11-00A0C91BC942}") = "LibMNG", "FreeImage\Source\LibMNG\LibMNG.vcxproj", "{0CD0555F-9863-4B58-8B3E-36A3E3C47C47}"
	ProjectSection(ProjectDependencies) = postProject
		{13510BFE-B940-4F61-B1C2-084A09E65C24} = {13510BFE-B940-4F61-B1C2-084A09E65C24}
	EndProjectSection
EndProject
Project("{8BC9CEB8-8B4A-11D0-8D11-00A0C91BC942}") = "LibOpenJPEG", "FreeImage\Source\LibOpenJPEG\LibOpenJPEG.vcxproj", "{8FFA074C-525F-48BF-B17C-F450FFE94FB6}"
	ProjectSection(ProjectDependencies) = postProject
		{13510BFE-B940-4F61-B1C2-084A09E65C24} = {13510BFE-B940-4F61-B1C2-084A09E65C24}
	EndProjectSection
EndProject
Project("{8BC9CEB8-8B4A-11D0-8D11-00A0C91BC942}") = "LibPNG", "FreeImage\Source\LibPNG\LibPNG.vcxproj", "{DAB5955D-0823-41E9-BA9E-94F6CC57399F}"
	ProjectSection(ProjectDependencies) = postProject
		{13510BFE-B940-4F61-B1C2-084A09E65C24} = {13510BFE-B940-4F61-B1C2-084A09E65C24}
	EndProjectSection
EndProject
Project("{8BC9CEB8-8B4A-11D0-8D11-00A0C91BC942}") = "LibTIFF", "FreeImage\Source\LibTIFF\LibTIFF.vcxproj", "{1DA2F9BE-AAFF-43E5-9B98-316800CA6E50}"
	ProjectSection(ProjectDependencies) = postProject
		{13510BFE-B940-4F61-B1C2-084A09E65C24} = {13510BFE-B940-4F61-B1C2-084A09E65C24}
	EndProjectSection
EndProject
Project("{8BC9CEB8-8B4A-11D0-8D11-00A0C91BC942}") = "Lua", "lua-5.2.2\Lua.vcxproj", "{F79012F6-8050-48E5-92E4-87959C39FCCB}"
	ProjectSection(ProjectDependencies) = postProject
		{13510BFE-B940-4F61-B1C2-084A09E65C24} = {13510BFE-B940-4F61-B1C2-084A09E65C24}
	EndProjectSection
EndProject
Project("{8BC9CEB8-8B4A-11D0-8D11-00A0C91BC942}") = "OpenEXR", "FreeImage\Source\OpenEXR\OpenEXR.vcxproj", "{63F5EE26-A5CD-4229-952D-824864D5442E}"
	ProjectSection(ProjectDependencies) = postProject
		{13510BFE-B940-4F61-B1C2-084A09E65C24} = {13510BFE-B940-4F61-B1C2-084A09E65C24}
	EndProjectSection
EndProject
Project("{8BC9CEB8-8B4A-11D0-8D11-00A0C91BC942}") = "ResourcePhraser", "CATFISH\ResourcePhraser\ResourcePhraser.vcxproj", "{8A00389C-A6CD-470E-AC57-7049BED6E6AB}"
	ProjectSection(ProjectDependencies) = postProject
		{2BF05FEB-B696-4F74-B7AD-BF833B62697C} = {2BF05FEB-B696-4F74-B7AD-BF833B62697C}
		{AE43C27F-D166-4CE7-B6B4-785FA4CC62A5} = {AE43C27F-D166-4CE7-B6B4-785FA4CC62A5}
		{13510BFE-B940-4F61-B1C2-084A09E65C24} = {13510BFE-B940-4F61-B1C2-084A09E65C24}
	EndProjectSection
EndProject
Project("{8BC9CEB8-8B4A-11D0-8D11-00A0C91BC942}") = "ScriptSystem", "CATFISH\ScriptSystem\ScriptSystem.vcxproj", "{EEDFF904-F4E0-4B09-82C2-4DAF4C8E255C}"
	ProjectSection(ProjectDependencies) = postProject
		{F79012F6-8050-48E5-92E4-87959C39FCCB} = {F79012F6-8050-48E5-92E4-87959C39FCCB}
		{13510BFE-B940-4F61-B1C2-084A09E65C24} = {13510BFE-B940-4F61-B1C2-084A09E65C24}
	EndProjectSection
EndProject
Project("{8BC9CEB8-8B4A-11D0-8D11-00A0C91BC942}") = "ZERO_CHECK", "ZERO_CHECK.vcxproj", "{13510BFE-B940-4F61-B1C2-084A09E65C24}"
EndProject
Project("{8BC9CEB8-8B4A-11D0-8D11-00A0C91BC942}") = "ZLib", "FreeImage\Source\ZLib\ZLib.vcxproj", "{38DC6B26-C5B2-4BA5-8516-5F3C21E823E5}"
	ProjectSection(ProjectDependencies) = postProject
		{13510BFE-B940-4F61-B1C2-084A09E65C24} = {13510BFE-B940-4F61-B1C2-084A09E65C24}
	EndProjectSection
EndProject
Project("{2150E333-8FDC-42A3-9474-1A3956D46DE8}") = "1.Base", "1.Base", "{F9F63550-E028-4D3D-A295-66CC02DBCDC6}"
EndProject
Project("{2150E333-8FDC-42A3-9474-1A3956D46DE8}") = "2.Externals", "2.Externals", "{72CD935A-7049-487A-AA4B-6C5BD2F3AE17}"
EndProject
Project("{2150E333-8FDC-42A3-9474-1A3956D46DE8}") = "FreeImage", "FreeImage", "{AB835077-5E85-4A77-8404-703AF3E5E7F5}"
EndProject
Project("{2150E333-8FDC-42A3-9474-1A3956D46DE8}") = "3.Modules", "3.Modules", "{6672F27B-A1FE-42C7-A15D-EB3652DD6F5B}"
EndProject
Project("{2150E333-8FDC-42A3-9474-1A3956D46DE8}") = "4.EXE", "4.EXE", "{4CCBD74B-6947-4384-8659-658617833469}"
EndProject
Project("{2150E333-8FDC-42A3-9474-1A3956D46DE8}") = "CMakePredefinedTargets", "CMakePredefinedTargets", "{647D4926-76CF-4AF6-8041-ECF956E16972}"
EndProject
Project("{8BC9CEB8-8B4A-11D0-8D11-00A0C91BC942}") = "SoundSystem", "..\CATFISH\SoundSystem\SoundSystem.vcxproj", "{D6E5D30C-31CF-4F53-B98B-E8BA16DCFE31}"
EndProject
Project("{8BC9CEB8-8B4A-11D0-8D11-00A0C91BC942}") = "Sprite2D", "..\CATFISH\Sprite2D\Sprite2D.vcxproj", "{F5F7D540-A071-4806-9B99-0949FDF468D0}"
EndProject
Project("{8BC9CEB8-8B4A-11D0-8D11-00A0C91BC942}") = "Math", "..\CATFISH\Math\Math.vcxproj", "{3FC87C4D-5339-423D-A2F0-CFC7724BD639}"
EndProject
Global
	GlobalSection(SolutionConfigurationPlatforms) = preSolution
		Debug|Win32 = Debug|Win32
		Release|Win32 = Release|Win32
	EndGlobalSection
	GlobalSection(ProjectConfigurationPlatforms) = postSolution
		{7CA187B9-976C-4A6A-8760-56F5D0891CFF}.Debug|Win32.ActiveCfg = Debug|Win32
		{7CA187B9-976C-4A6A-8760-56F5D0891CFF}.Release|Win32.ActiveCfg = Release|Win32
		{7B6E9D07-4218-4A1C-9B69-336F5954E86D}.Debug|Win32.ActiveCfg = Debug|Win32
		{7B6E9D07-4218-4A1C-9B69-336F5954E86D}.Debug|Win32.Build.0 = Debug|Win32
		{7B6E9D07-4218-4A1C-9B69-336F5954E86D}.Release|Win32.ActiveCfg = Release|Win32
		{7B6E9D07-4218-4A1C-9B69-336F5954E86D}.Release|Win32.Build.0 = Release|Win32
		{2BF05FEB-B696-4F74-B7AD-BF833B62697C}.Debug|Win32.ActiveCfg = Debug|Win32
		{2BF05FEB-B696-4F74-B7AD-BF833B62697C}.Debug|Win32.Build.0 = Debug|Win32
		{2BF05FEB-B696-4F74-B7AD-BF833B62697C}.Release|Win32.ActiveCfg = Release|Win32
		{2BF05FEB-B696-4F74-B7AD-BF833B62697C}.Release|Win32.Build.0 = Release|Win32
		{635304A8-13E1-4289-B711-35BC5374F85A}.Debug|Win32.ActiveCfg = Debug|Win32
		{635304A8-13E1-4289-B711-35BC5374F85A}.Debug|Win32.Build.0 = Debug|Win32
		{635304A8-13E1-4289-B711-35BC5374F85A}.Release|Win32.ActiveCfg = Release|Win32
		{635304A8-13E1-4289-B711-35BC5374F85A}.Release|Win32.Build.0 = Release|Win32
		{AE43C27F-D166-4CE7-B6B4-785FA4CC62A5}.Debug|Win32.ActiveCfg = Debug|Win32
		{AE43C27F-D166-4CE7-B6B4-785FA4CC62A5}.Debug|Win32.Build.0 = Debug|Win32
		{AE43C27F-D166-4CE7-B6B4-785FA4CC62A5}.Release|Win32.ActiveCfg = Release|Win32
		{AE43C27F-D166-4CE7-B6B4-785FA4CC62A5}.Release|Win32.Build.0 = Release|Win32
		{87147895-5014-4DFB-8805-2E22CAAA5C81}.Debug|Win32.ActiveCfg = Debug|Win32
		{87147895-5014-4DFB-8805-2E22CAAA5C81}.Debug|Win32.Build.0 = Debug|Win32
		{87147895-5014-4DFB-8805-2E22CAAA5C81}.Release|Win32.ActiveCfg = Release|Win32
		{87147895-5014-4DFB-8805-2E22CAAA5C81}.Release|Win32.Build.0 = Release|Win32
		{0CD0555F-9863-4B58-8B3E-36A3E3C47C47}.Debug|Win32.ActiveCfg = Debug|Win32
		{0CD0555F-9863-4B58-8B3E-36A3E3C47C47}.Debug|Win32.Build.0 = Debug|Win32
		{0CD0555F-9863-4B58-8B3E-36A3E3C47C47}.Release|Win32.ActiveCfg = Release|Win32
		{0CD0555F-9863-4B58-8B3E-36A3E3C47C47}.Release|Win32.Build.0 = Release|Win32
		{8FFA074C-525F-48BF-B17C-F450FFE94FB6}.Debug|Win32.ActiveCfg = Debug|Win32
		{8FFA074C-525F-48BF-B17C-F450FFE94FB6}.Debug|Win32.Build.0 = Debug|Win32
		{8FFA074C-525F-48BF-B17C-F450FFE94FB6}.Release|Win32.ActiveCfg = Release|Win32
		{8FFA074C-525F-48BF-B17C-F450FFE94FB6}.Release|Win32.Build.0 = Release|Win32
		{DAB5955D-0823-41E9-BA9E-94F6CC57399F}.Debug|Win32.ActiveCfg = Debug|Win32
		{DAB5955D-0823-41E9-BA9E-94F6CC57399F}.Debug|Win32.Build.0 = Debug|Win32
		{DAB5955D-0823-41E9-BA9E-94F6CC57399F}.Release|Win32.ActiveCfg = Release|Win32
		{DAB5955D-0823-41E9-BA9E-94F6CC57399F}.Release|Win32.Build.0 = Release|Win32
		{1DA2F9BE-AAFF-43E5-9B98-316800CA6E50}.Debug|Win32.ActiveCfg = Debug|Win32
		{1DA2F9BE-AAFF-43E5-9B98-316800CA6E50}.Debug|Win32.Build.0 = Debug|Win32
		{1DA2F9BE-AAFF-43E5-9B98-316800CA6E50}.Release|Win32.ActiveCfg = Release|Win32
		{1DA2F9BE-AAFF-43E5-9B98-316800CA6E50}.Release|Win32.Build.0 = Release|Win32
		{F79012F6-8050-48E5-92E4-87959C39FCCB}.Debug|Win32.ActiveCfg = Debug|Win32
		{F79012F6-8050-48E5-92E4-87959C39FCCB}.Debug|Win32.Build.0 = Debug|Win32
		{F79012F6-8050-48E5-92E4-87959C39FCCB}.Release|Win32.ActiveCfg = Release|Win32
		{F79012F6-8050-48E5-92E4-87959C39FCCB}.Release|Win32.Build.0 = Release|Win32
		{63F5EE26-A5CD-4229-952D-824864D5442E}.Debug|Win32.ActiveCfg = Debug|Win32
		{63F5EE26-A5CD-4229-952D-824864D5442E}.Debug|Win32.Build.0 = Debug|Win32
		{63F5EE26-A5CD-4229-952D-824864D5442E}.Release|Win32.ActiveCfg = Release|Win32
		{63F5EE26-A5CD-4229-952D-824864D5442E}.Release|Win32.Build.0 = Release|Win32
		{8A00389C-A6CD-470E-AC57-7049BED6E6AB}.Debug|Win32.ActiveCfg = Debug|Win32
		{8A00389C-A6CD-470E-AC57-7049BED6E6AB}.Debug|Win32.Build.0 = Debug|Win32
		{8A00389C-A6CD-470E-AC57-7049BED6E6AB}.Release|Win32.ActiveCfg = Release|Win32
		{8A00389C-A6CD-470E-AC57-7049BED6E6AB}.Release|Win32.Build.0 = Release|Win32
		{EEDFF904-F4E0-4B09-82C2-4DAF4C8E255C}.Debug|Win32.ActiveCfg = Debug|Win32
		{EEDFF904-F4E0-4B09-82C2-4DAF4C8E255C}.Debug|Win32.Build.0 = Debug|Win32
		{EEDFF904-F4E0-4B09-82C2-4DAF4C8E255C}.Release|Win32.ActiveCfg = Release|Win32
		{EEDFF904-F4E0-4B09-82C2-4DAF4C8E255C}.Release|Win32.Build.0 = Release|Win32
		{13510BFE-B940-4F61-B1C2-084A09E65C24}.Debug|Win32.ActiveCfg = Debug|Win32
		{13510BFE-B940-4F61-B1C2-084A09E65C24}.Debug|Win32.Build.0 = Debug|Win32
		{13510BFE-B940-4F61-B1C2-084A09E65C24}.Release|Win32.ActiveCfg = Release|Win32
		{13510BFE-B940-4F61-B1C2-084A09E65C24}.Release|Win32.Build.0 = Release|Win32
		{38DC6B26-C5B2-4BA5-8516-5F3C21E823E5}.Debug|Win32.ActiveCfg = Debug|Win32
		{38DC6B26-C5B2-4BA5-8516-5F3C21E823E5}.Debug|Win32.Build.0 = Debug|Win32
		{38DC6B26-C5B2-4BA5-8516-5F3C21E823E5}.Release|Win32.ActiveCfg = Release|Win32
		{38DC6B26-C5B2-4BA5-8516-5F3C21E823E5}.Release|Win32.Build.0 = Release|Win32
		{D6E5D30C-31CF-4F53-B98B-E8BA16DCFE31}.Debug|Win32.ActiveCfg = Debug|Win32
		{D6E5D30C-31CF-4F53-B98B-E8BA16DCFE31}.Debug|Win32.Build.0 = Debug|Win32
		{D6E5D30C-31CF-4F53-B98B-E8BA16DCFE31}.Release|Win32.ActiveCfg = Release|Win32
		{D6E5D30C-31CF-4F53-B98B-E8BA16DCFE31}.Release|Win32.Build.0 = Release|Win32
		{F5F7D540-A071-4806-9B99-0949FDF468D0}.Debug|Win32.ActiveCfg = Debug|Win32
		{F5F7D540-A071-4806-9B99-0949FDF468D0}.Debug|Win32.Build.0 = Debug|Win32
		{F5F7D540-A071-4806-9B99-0949FDF468D0}.Release|Win32.ActiveCfg = Release|Win32
		{F5F7D540-A071-4806-9B99-0949FDF468D0}.Release|Win32.Build.0 = Release|Win32
		{3FC87C4D-5339-423D-A2F0-CFC7724BD639}.Debug|Win32.ActiveCfg = Debug|Win32
		{3FC87C4D-5339-423D-A2F0-CFC7724BD639}.Debug|Win32.Build.0 = Debug|Win32
		{3FC87C4D-5339-423D-A2F0-CFC7724BD639}.Release|Win32.ActiveCfg = Release|Win32
		{3FC87C4D-5339-423D-A2F0-CFC7724BD639}.Release|Win32.Build.0 = Release|Win32
	EndGlobalSection
	GlobalSection(SolutionProperties) = preSolution
		HideSolutionNode = FALSE
	EndGlobalSection
	GlobalSection(NestedProjects) = preSolution
		{7B6E9D07-4218-4A1C-9B69-336F5954E86D} = {4CCBD74B-6947-4384-8659-658617833469}
		{AB835077-5E85-4A77-8404-703AF3E5E7F5} = {72CD935A-7049-487A-AA4B-6C5BD2F3AE17}
		{F79012F6-8050-48E5-92E4-87959C39FCCB} = {72CD935A-7049-487A-AA4B-6C5BD2F3AE17}
		{8A00389C-A6CD-470E-AC57-7049BED6E6AB} = {6672F27B-A1FE-42C7-A15D-EB3652DD6F5B}
		{EEDFF904-F4E0-4B09-82C2-4DAF4C8E255C} = {6672F27B-A1FE-42C7-A15D-EB3652DD6F5B}
		{635304A8-13E1-4289-B711-35BC5374F85A} = {6672F27B-A1FE-42C7-A15D-EB3652DD6F5B}
		{D6E5D30C-31CF-4F53-B98B-E8BA16DCFE31} = {6672F27B-A1FE-42C7-A15D-EB3652DD6F5B}
		{F5F7D540-A071-4806-9B99-0949FDF468D0} = {6672F27B-A1FE-42C7-A15D-EB3652DD6F5B}
		{AE43C27F-D166-4CE7-B6B4-785FA4CC62A5} = {F9F63550-E028-4D3D-A295-66CC02DBCDC6}
		{3FC87C4D-5339-423D-A2F0-CFC7724BD639} = {F9F63550-E028-4D3D-A295-66CC02DBCDC6}
		{0CD0555F-9863-4B58-8B3E-36A3E3C47C47} = {AB835077-5E85-4A77-8404-703AF3E5E7F5}
		{8FFA074C-525F-48BF-B17C-F450FFE94FB6} = {AB835077-5E85-4A77-8404-703AF3E5E7F5}
		{DAB5955D-0823-41E9-BA9E-94F6CC57399F} = {AB835077-5E85-4A77-8404-703AF3E5E7F5}
		{1DA2F9BE-AAFF-43E5-9B98-316800CA6E50} = {AB835077-5E85-4A77-8404-703AF3E5E7F5}
		{63F5EE26-A5CD-4229-952D-824864D5442E} = {AB835077-5E85-4A77-8404-703AF3E5E7F5}
		{38DC6B26-C5B2-4BA5-8516-5F3C21E823E5} = {AB835077-5E85-4A77-8404-703AF3E5E7F5}
		{2BF05FEB-B696-4F74-B7AD-BF833B62697C} = {AB835077-5E85-4A77-8404-703AF3E5E7F5}
		{87147895-5014-4DFB-8805-2E22CAAA5C81} = {AB835077-5E85-4A77-8404-703AF3E5E7F5}
		{13510BFE-B940-4F61-B1C2-084A09E65C24} = {647D4926-76CF-4AF6-8041-ECF956E16972}
	EndGlobalSection
EndGlobal
